// !$*UTF8*$!
{
	archiveVersion = 1;
	classes = {
	};
	objectVersion = 50;
	objects = {

/* Begin PBXBuildFile section */
		C992A2BD2466B5BB00FD8547 /* WholeStoryView.swift in Sources */ = {isa = PBXBuildFile; fileRef = C992A2BC2466B5BB00FD8547 /* WholeStoryView.swift */; };
		C99AA23924950E5300AE145F /* Tabs.swift in Sources */ = {isa = PBXBuildFile; fileRef = C99AA23824950E5300AE145F /* Tabs.swift */; };
		C9B4C8EC248BB07600D48963 /* WholeStoryViewModel.swift in Sources */ = {isa = PBXBuildFile; fileRef = C9B4C8EB248BB07600D48963 /* WholeStoryViewModel.swift */; };
		C9B4C8EE248BB08800D48963 /* WholeStoryViewModelTest.swift in Sources */ = {isa = PBXBuildFile; fileRef = C9B4C8ED248BB08800D48963 /* WholeStoryViewModelTest.swift */; };
		C9B4C8F4248BCE6600D48963 /* MockStorytimeModel.swift in Sources */ = {isa = PBXBuildFile; fileRef = C9B4C8F3248BCE6500D48963 /* MockStorytimeModel.swift */; };
		C9B4C8F6248BD63E00D48963 /* StorytimeViewNavigation.swift in Sources */ = {isa = PBXBuildFile; fileRef = C9B4C8F5248BD63E00D48963 /* StorytimeViewNavigation.swift */; };
		C9BE1FAF24952607004A6A20 /* MyStoriesView.swift in Sources */ = {isa = PBXBuildFile; fileRef = C9BE1FAE24952607004A6A20 /* MyStoriesView.swift */; };
		C9FD26D12452DC1D00F21EB8 /* AppDelegate.swift in Sources */ = {isa = PBXBuildFile; fileRef = C9FD26D02452DC1D00F21EB8 /* AppDelegate.swift */; };
		C9FD26D32452DC1D00F21EB8 /* SceneDelegate.swift in Sources */ = {isa = PBXBuildFile; fileRef = C9FD26D22452DC1D00F21EB8 /* SceneDelegate.swift */; };
		C9FD26D52452DC1D00F21EB8 /* ContentView.swift in Sources */ = {isa = PBXBuildFile; fileRef = C9FD26D42452DC1D00F21EB8 /* ContentView.swift */; };
		C9FD26D72452DC2200F21EB8 /* Assets.xcassets in Resources */ = {isa = PBXBuildFile; fileRef = C9FD26D62452DC2200F21EB8 /* Assets.xcassets */; };
		C9FD26DA2452DC2200F21EB8 /* Preview Assets.xcassets in Resources */ = {isa = PBXBuildFile; fileRef = C9FD26D92452DC2200F21EB8 /* Preview Assets.xcassets */; };
		C9FD26DD2452DC2200F21EB8 /* LaunchScreen.storyboard in Resources */ = {isa = PBXBuildFile; fileRef = C9FD26DB2452DC2200F21EB8 /* LaunchScreen.storyboard */; };
		C9FD26E82452DC2200F21EB8 /* StoryListViewModelTests.swift in Sources */ = {isa = PBXBuildFile; fileRef = C9FD26E72452DC2200F21EB8 /* StoryListViewModelTests.swift */; };
		C9FD26F32452DC2200F21EB8 /* StorytimeNavigationTests.swift in Sources */ = {isa = PBXBuildFile; fileRef = C9FD26F22452DC2200F21EB8 /* StorytimeNavigationTests.swift */; };
		C9FD27012452DEA300F21EB8 /* Story.swift in Sources */ = {isa = PBXBuildFile; fileRef = C9FD27002452DEA300F21EB8 /* Story.swift */; };
		C9FD27032452DF1200F21EB8 /* StorytimeModel.swift in Sources */ = {isa = PBXBuildFile; fileRef = C9FD27022452DF1200F21EB8 /* StorytimeModel.swift */; };
		C9FD27052452DF2D00F21EB8 /* StoryListViewModel.swift in Sources */ = {isa = PBXBuildFile; fileRef = C9FD27042452DF2D00F21EB8 /* StoryListViewModel.swift */; };
		C9FD27072452E0C400F21EB8 /* StoryCardViewModel.swift in Sources */ = {isa = PBXBuildFile; fileRef = C9FD27062452E0C400F21EB8 /* StoryCardViewModel.swift */; };
		C9FD270F24531B1F00F21EB8 /* StoryListView.swift in Sources */ = {isa = PBXBuildFile; fileRef = C9FD270E24531B1F00F21EB8 /* StoryListView.swift */; };
		C9FD271124531B5800F21EB8 /* StubbedStorytimeModel.swift in Sources */ = {isa = PBXBuildFile; fileRef = C9FD271024531B5800F21EB8 /* StubbedStorytimeModel.swift */; };
/* End PBXBuildFile section */

/* Begin PBXContainerItemProxy section */
		C9FD26E42452DC2200F21EB8 /* PBXContainerItemProxy */ = {
			isa = PBXContainerItemProxy;
			containerPortal = C9FD26C52452DC1D00F21EB8 /* Project object */;
			proxyType = 1;
			remoteGlobalIDString = C9FD26CC2452DC1D00F21EB8;
			remoteInfo = StoryTime;
		};
		C9FD26EF2452DC2200F21EB8 /* PBXContainerItemProxy */ = {
			isa = PBXContainerItemProxy;
			containerPortal = C9FD26C52452DC1D00F21EB8 /* Project object */;
			proxyType = 1;
			remoteGlobalIDString = C9FD26CC2452DC1D00F21EB8;
			remoteInfo = StoryTime;
		};
/* End PBXContainerItemProxy section */

/* Begin PBXFileReference section */
		C992A2BC2466B5BB00FD8547 /* WholeStoryView.swift */ = {isa = PBXFileReference; lastKnownFileType = sourcecode.swift; path = WholeStoryView.swift; sourceTree = "<group>"; };
		C99AA23824950E5300AE145F /* Tabs.swift */ = {isa = PBXFileReference; lastKnownFileType = sourcecode.swift; path = Tabs.swift; sourceTree = "<group>"; };
		C9B4C8EB248BB07600D48963 /* WholeStoryViewModel.swift */ = {isa = PBXFileReference; lastKnownFileType = sourcecode.swift; path = WholeStoryViewModel.swift; sourceTree = "<group>"; };
		C9B4C8ED248BB08800D48963 /* WholeStoryViewModelTest.swift */ = {isa = PBXFileReference; lastKnownFileType = sourcecode.swift; path = WholeStoryViewModelTest.swift; sourceTree = "<group>"; };
		C9B4C8F3248BCE6500D48963 /* MockStorytimeModel.swift */ = {isa = PBXFileReference; lastKnownFileType = sourcecode.swift; path = MockStorytimeModel.swift; sourceTree = "<group>"; };
		C9B4C8F5248BD63E00D48963 /* StorytimeViewNavigation.swift */ = {isa = PBXFileReference; lastKnownFileType = sourcecode.swift; path = StorytimeViewNavigation.swift; sourceTree = "<group>"; };
		C9BE1FAE24952607004A6A20 /* MyStoriesView.swift */ = {isa = PBXFileReference; lastKnownFileType = sourcecode.swift; path = MyStoriesView.swift; sourceTree = "<group>"; };
		C9FD26CD2452DC1D00F21EB8 /* Storytime.app */ = {isa = PBXFileReference; explicitFileType = wrapper.application; includeInIndex = 0; path = Storytime.app; sourceTree = BUILT_PRODUCTS_DIR; };
		C9FD26D02452DC1D00F21EB8 /* AppDelegate.swift */ = {isa = PBXFileReference; lastKnownFileType = sourcecode.swift; path = AppDelegate.swift; sourceTree = "<group>"; };
		C9FD26D22452DC1D00F21EB8 /* SceneDelegate.swift */ = {isa = PBXFileReference; lastKnownFileType = sourcecode.swift; path = SceneDelegate.swift; sourceTree = "<group>"; };
		C9FD26D42452DC1D00F21EB8 /* ContentView.swift */ = {isa = PBXFileReference; lastKnownFileType = sourcecode.swift; path = ContentView.swift; sourceTree = "<group>"; };
		C9FD26D62452DC2200F21EB8 /* Assets.xcassets */ = {isa = PBXFileReference; lastKnownFileType = folder.assetcatalog; path = Assets.xcassets; sourceTree = "<group>"; };
		C9FD26D92452DC2200F21EB8 /* Preview Assets.xcassets */ = {isa = PBXFileReference; lastKnownFileType = folder.assetcatalog; path = "Preview Assets.xcassets"; sourceTree = "<group>"; };
		C9FD26DC2452DC2200F21EB8 /* Base */ = {isa = PBXFileReference; lastKnownFileType = file.storyboard; name = Base; path = Base.lproj/LaunchScreen.storyboard; sourceTree = "<group>"; };
		C9FD26DE2452DC2200F21EB8 /* Info.plist */ = {isa = PBXFileReference; lastKnownFileType = text.plist.xml; path = Info.plist; sourceTree = "<group>"; };
		C9FD26E32452DC2200F21EB8 /* StorytimeTests.xctest */ = {isa = PBXFileReference; explicitFileType = wrapper.cfbundle; includeInIndex = 0; path = StorytimeTests.xctest; sourceTree = BUILT_PRODUCTS_DIR; };
		C9FD26E72452DC2200F21EB8 /* StoryListViewModelTests.swift */ = {isa = PBXFileReference; lastKnownFileType = sourcecode.swift; path = StoryListViewModelTests.swift; sourceTree = "<group>"; };
		C9FD26E92452DC2200F21EB8 /* Info.plist */ = {isa = PBXFileReference; lastKnownFileType = text.plist.xml; path = Info.plist; sourceTree = "<group>"; };
		C9FD26EE2452DC2200F21EB8 /* StorytimeUITests.xctest */ = {isa = PBXFileReference; explicitFileType = wrapper.cfbundle; includeInIndex = 0; path = StorytimeUITests.xctest; sourceTree = BUILT_PRODUCTS_DIR; };
		C9FD26F22452DC2200F21EB8 /* StorytimeNavigationTests.swift */ = {isa = PBXFileReference; lastKnownFileType = sourcecode.swift; path = StorytimeNavigationTests.swift; sourceTree = "<group>"; };
		C9FD26F42452DC2200F21EB8 /* Info.plist */ = {isa = PBXFileReference; lastKnownFileType = text.plist.xml; path = Info.plist; sourceTree = "<group>"; };
		C9FD27002452DEA300F21EB8 /* Story.swift */ = {isa = PBXFileReference; lastKnownFileType = sourcecode.swift; path = Story.swift; sourceTree = "<group>"; };
		C9FD27022452DF1200F21EB8 /* StorytimeModel.swift */ = {isa = PBXFileReference; lastKnownFileType = sourcecode.swift; path = StorytimeModel.swift; sourceTree = "<group>"; };
		C9FD27042452DF2D00F21EB8 /* StoryListViewModel.swift */ = {isa = PBXFileReference; lastKnownFileType = sourcecode.swift; path = StoryListViewModel.swift; sourceTree = "<group>"; };
		C9FD27062452E0C400F21EB8 /* StoryCardViewModel.swift */ = {isa = PBXFileReference; lastKnownFileType = sourcecode.swift; path = StoryCardViewModel.swift; sourceTree = "<group>"; };
		C9FD270E24531B1F00F21EB8 /* StoryListView.swift */ = {isa = PBXFileReference; lastKnownFileType = sourcecode.swift; path = StoryListView.swift; sourceTree = "<group>"; };
		C9FD271024531B5800F21EB8 /* StubbedStorytimeModel.swift */ = {isa = PBXFileReference; lastKnownFileType = sourcecode.swift; path = StubbedStorytimeModel.swift; sourceTree = "<group>"; };
/* End PBXFileReference section */

/* Begin PBXFrameworksBuildPhase section */
		C9FD26CA2452DC1D00F21EB8 /* Frameworks */ = {
			isa = PBXFrameworksBuildPhase;
			buildActionMask = 2147483647;
			files = (
			);
			runOnlyForDeploymentPostprocessing = 0;
		};
		C9FD26E02452DC2200F21EB8 /* Frameworks */ = {
			isa = PBXFrameworksBuildPhase;
			buildActionMask = 2147483647;
			files = (
			);
			runOnlyForDeploymentPostprocessing = 0;
		};
		C9FD26EB2452DC2200F21EB8 /* Frameworks */ = {
			isa = PBXFrameworksBuildPhase;
			buildActionMask = 2147483647;
			files = (
			);
			runOnlyForDeploymentPostprocessing = 0;
		};
/* End PBXFrameworksBuildPhase section */

/* Begin PBXGroup section */
		C992A2BB2466B56300FD8547 /* StoryList */ = {
			isa = PBXGroup;
			children = (
				C9FD27042452DF2D00F21EB8 /* StoryListViewModel.swift */,
				C9FD27062452E0C400F21EB8 /* StoryCardViewModel.swift */,
				C9FD270E24531B1F00F21EB8 /* StoryListView.swift */,
			);
			path = StoryList;
			sourceTree = "<group>";
		};
		C992A2BE2466B5CB00FD8547 /* WholeStory */ = {
			isa = PBXGroup;
			children = (
				C992A2BC2466B5BB00FD8547 /* WholeStoryView.swift */,
				C9B4C8EB248BB07600D48963 /* WholeStoryViewModel.swift */,
			);
			path = WholeStory;
			sourceTree = "<group>";
		};
		C9BE1FAD249525F1004A6A20 /* MyStories */ = {
			isa = PBXGroup;
			children = (
				C9BE1FAE24952607004A6A20 /* MyStoriesView.swift */,
			);
			path = MyStories;
			sourceTree = "<group>";
		};
		C9FD26C42452DC1D00F21EB8 = {
			isa = PBXGroup;
			children = (
				C9FD26CF2452DC1D00F21EB8 /* Storytime */,
				C9FD26E62452DC2200F21EB8 /* StorytimeTests */,
				C9FD26F12452DC2200F21EB8 /* StorytimeUITests */,
				C9FD26CE2452DC1D00F21EB8 /* Products */,
			);
			sourceTree = "<group>";
		};
		C9FD26CE2452DC1D00F21EB8 /* Products */ = {
			isa = PBXGroup;
			children = (
				C9FD26CD2452DC1D00F21EB8 /* Storytime.app */,
				C9FD26E32452DC2200F21EB8 /* StorytimeTests.xctest */,
				C9FD26EE2452DC2200F21EB8 /* StorytimeUITests.xctest */,
			);
			name = Products;
			sourceTree = "<group>";
		};
		C9FD26CF2452DC1D00F21EB8 /* Storytime */ = {
			isa = PBXGroup;
			children = (
				C9BE1FAD249525F1004A6A20 /* MyStories */,
				C992A2BE2466B5CB00FD8547 /* WholeStory */,
				C992A2BB2466B56300FD8547 /* StoryList */,
				C9FD26D02452DC1D00F21EB8 /* AppDelegate.swift */,
				C9FD26D22452DC1D00F21EB8 /* SceneDelegate.swift */,
				C9FD26D42452DC1D00F21EB8 /* ContentView.swift */,
				C9FD26D62452DC2200F21EB8 /* Assets.xcassets */,
				C9FD26DB2452DC2200F21EB8 /* LaunchScreen.storyboard */,
				C9FD26DE2452DC2200F21EB8 /* Info.plist */,
				C9FD26D82452DC2200F21EB8 /* Preview Content */,
				C9FD27002452DEA300F21EB8 /* Story.swift */,
				C9FD27022452DF1200F21EB8 /* StorytimeModel.swift */,
				C9FD271024531B5800F21EB8 /* StubbedStorytimeModel.swift */,
				C9B4C8F5248BD63E00D48963 /* StorytimeViewNavigation.swift */,
				C99AA23824950E5300AE145F /* Tabs.swift */,
			);
			path = Storytime;
			sourceTree = "<group>";
		};
		C9FD26D82452DC2200F21EB8 /* Preview Content */ = {
			isa = PBXGroup;
			children = (
				C9FD26D92452DC2200F21EB8 /* Preview Assets.xcassets */,
			);
			path = "Preview Content";
			sourceTree = "<group>";
		};
		C9FD26E62452DC2200F21EB8 /* StorytimeTests */ = {
			isa = PBXGroup;
			children = (
				C9FD26E72452DC2200F21EB8 /* StoryListViewModelTests.swift */,
				C9FD26E92452DC2200F21EB8 /* Info.plist */,
				C9B4C8ED248BB08800D48963 /* WholeStoryViewModelTest.swift */,
				C9B4C8F3248BCE6500D48963 /* MockStorytimeModel.swift */,
			);
			path = StorytimeTests;
			sourceTree = "<group>";
		};
		C9FD26F12452DC2200F21EB8 /* StorytimeUITests */ = {
			isa = PBXGroup;
			children = (
				C9FD26F22452DC2200F21EB8 /* StorytimeNavigationTests.swift */,
				C9FD26F42452DC2200F21EB8 /* Info.plist */,
			);
			path = StorytimeUITests;
			sourceTree = "<group>";
		};
/* End PBXGroup section */

/* Begin PBXNativeTarget section */
		C9FD26CC2452DC1D00F21EB8 /* Storytime */ = {
			isa = PBXNativeTarget;
			buildConfigurationList = C9FD26F72452DC2200F21EB8 /* Build configuration list for PBXNativeTarget "Storytime" */;
			buildPhases = (
				C9FD26C92452DC1D00F21EB8 /* Sources */,
				C9FD26CA2452DC1D00F21EB8 /* Frameworks */,
				C9FD26CB2452DC1D00F21EB8 /* Resources */,
			);
			buildRules = (
			);
			dependencies = (
			);
			name = Storytime;
			productName = StoryTime;
			productReference = C9FD26CD2452DC1D00F21EB8 /* Storytime.app */;
			productType = "com.apple.product-type.application";
		};
		C9FD26E22452DC2200F21EB8 /* StorytimeTests */ = {
			isa = PBXNativeTarget;
			buildConfigurationList = C9FD26FA2452DC2200F21EB8 /* Build configuration list for PBXNativeTarget "StorytimeTests" */;
			buildPhases = (
				C9FD26DF2452DC2200F21EB8 /* Sources */,
				C9FD26E02452DC2200F21EB8 /* Frameworks */,
				C9FD26E12452DC2200F21EB8 /* Resources */,
			);
			buildRules = (
			);
			dependencies = (
				C9FD26E52452DC2200F21EB8 /* PBXTargetDependency */,
			);
			name = StorytimeTests;
			productName = StoryTimeTests;
			productReference = C9FD26E32452DC2200F21EB8 /* StorytimeTests.xctest */;
			productType = "com.apple.product-type.bundle.unit-test";
		};
		C9FD26ED2452DC2200F21EB8 /* StorytimeUITests */ = {
			isa = PBXNativeTarget;
			buildConfigurationList = C9FD26FD2452DC2200F21EB8 /* Build configuration list for PBXNativeTarget "StorytimeUITests" */;
			buildPhases = (
				C9FD26EA2452DC2200F21EB8 /* Sources */,
				C9FD26EB2452DC2200F21EB8 /* Frameworks */,
				C9FD26EC2452DC2200F21EB8 /* Resources */,
			);
			buildRules = (
			);
			dependencies = (
				C9FD26F02452DC2200F21EB8 /* PBXTargetDependency */,
			);
			name = StorytimeUITests;
			productName = StoryTimeUITests;
			productReference = C9FD26EE2452DC2200F21EB8 /* StorytimeUITests.xctest */;
			productType = "com.apple.product-type.bundle.ui-testing";
		};
/* End PBXNativeTarget section */

/* Begin PBXProject section */
		C9FD26C52452DC1D00F21EB8 /* Project object */ = {
			isa = PBXProject;
			attributes = {
				LastSwiftUpdateCheck = 1140;
				LastUpgradeCheck = 1140;
				ORGANIZATIONNAME = "Matthew Mould";
				TargetAttributes = {
					C9FD26CC2452DC1D00F21EB8 = {
						CreatedOnToolsVersion = 11.4.1;
					};
					C9FD26E22452DC2200F21EB8 = {
						CreatedOnToolsVersion = 11.4.1;
						TestTargetID = C9FD26CC2452DC1D00F21EB8;
					};
					C9FD26ED2452DC2200F21EB8 = {
						CreatedOnToolsVersion = 11.4.1;
						TestTargetID = C9FD26CC2452DC1D00F21EB8;
					};
				};
			};
			buildConfigurationList = C9FD26C82452DC1D00F21EB8 /* Build configuration list for PBXProject "Storytime" */;
			compatibilityVersion = "Xcode 9.3";
			developmentRegion = en;
			hasScannedForEncodings = 0;
			knownRegions = (
				en,
				Base,
			);
			mainGroup = C9FD26C42452DC1D00F21EB8;
			productRefGroup = C9FD26CE2452DC1D00F21EB8 /* Products */;
			projectDirPath = "";
			projectRoot = "";
			targets = (
				C9FD26CC2452DC1D00F21EB8 /* Storytime */,
				C9FD26E22452DC2200F21EB8 /* StorytimeTests */,
				C9FD26ED2452DC2200F21EB8 /* StorytimeUITests */,
			);
		};
/* End PBXProject section */

/* Begin PBXResourcesBuildPhase section */
		C9FD26CB2452DC1D00F21EB8 /* Resources */ = {
			isa = PBXResourcesBuildPhase;
			buildActionMask = 2147483647;
			files = (
				C9FD26DD2452DC2200F21EB8 /* LaunchScreen.storyboard in Resources */,
				C9FD26DA2452DC2200F21EB8 /* Preview Assets.xcassets in Resources */,
				C9FD26D72452DC2200F21EB8 /* Assets.xcassets in Resources */,
			);
			runOnlyForDeploymentPostprocessing = 0;
		};
		C9FD26E12452DC2200F21EB8 /* Resources */ = {
			isa = PBXResourcesBuildPhase;
			buildActionMask = 2147483647;
			files = (
			);
			runOnlyForDeploymentPostprocessing = 0;
		};
		C9FD26EC2452DC2200F21EB8 /* Resources */ = {
			isa = PBXResourcesBuildPhase;
			buildActionMask = 2147483647;
			files = (
			);
			runOnlyForDeploymentPostprocessing = 0;
		};
/* End PBXResourcesBuildPhase section */

/* Begin PBXSourcesBuildPhase section */
		C9FD26C92452DC1D00F21EB8 /* Sources */ = {
			isa = PBXSourcesBuildPhase;
			buildActionMask = 2147483647;
			files = (
				C99AA23924950E5300AE145F /* Tabs.swift in Sources */,
				C9FD26D12452DC1D00F21EB8 /* AppDelegate.swift in Sources */,
				C9BE1FAF24952607004A6A20 /* MyStoriesView.swift in Sources */,
				C9FD27052452DF2D00F21EB8 /* StoryListViewModel.swift in Sources */,
				C9FD26D32452DC1D00F21EB8 /* SceneDelegate.swift in Sources */,
				C9B4C8F6248BD63E00D48963 /* StorytimeViewNavigation.swift in Sources */,
				C9B4C8EC248BB07600D48963 /* WholeStoryViewModel.swift in Sources */,
				C9FD271124531B5800F21EB8 /* StubbedStorytimeModel.swift in Sources */,
				C9FD26D52452DC1D00F21EB8 /* ContentView.swift in Sources */,
				C9FD27012452DEA300F21EB8 /* Story.swift in Sources */,
				C9FD27072452E0C400F21EB8 /* StoryCardViewModel.swift in Sources */,
				C992A2BD2466B5BB00FD8547 /* WholeStoryView.swift in Sources */,
				C9FD270F24531B1F00F21EB8 /* StoryListView.swift in Sources */,
				C9FD27032452DF1200F21EB8 /* StorytimeModel.swift in Sources */,
			);
			runOnlyForDeploymentPostprocessing = 0;
		};
		C9FD26DF2452DC2200F21EB8 /* Sources */ = {
			isa = PBXSourcesBuildPhase;
			buildActionMask = 2147483647;
			files = (
				C9B4C8EE248BB08800D48963 /* WholeStoryViewModelTest.swift in Sources */,
				C9B4C8F4248BCE6600D48963 /* MockStorytimeModel.swift in Sources */,
				C9FD26E82452DC2200F21EB8 /* StoryListViewModelTests.swift in Sources */,
			);
			runOnlyForDeploymentPostprocessing = 0;
		};
		C9FD26EA2452DC2200F21EB8 /* Sources */ = {
			isa = PBXSourcesBuildPhase;
			buildActionMask = 2147483647;
			files = (
				C9FD26F32452DC2200F21EB8 /* StorytimeNavigationTests.swift in Sources */,
			);
			runOnlyForDeploymentPostprocessing = 0;
		};
/* End PBXSourcesBuildPhase section */

/* Begin PBXTargetDependency section */
		C9FD26E52452DC2200F21EB8 /* PBXTargetDependency */ = {
			isa = PBXTargetDependency;
			target = C9FD26CC2452DC1D00F21EB8 /* Storytime */;
			targetProxy = C9FD26E42452DC2200F21EB8 /* PBXContainerItemProxy */;
		};
		C9FD26F02452DC2200F21EB8 /* PBXTargetDependency */ = {
			isa = PBXTargetDependency;
			target = C9FD26CC2452DC1D00F21EB8 /* Storytime */;
			targetProxy = C9FD26EF2452DC2200F21EB8 /* PBXContainerItemProxy */;
		};
/* End PBXTargetDependency section */

/* Begin PBXVariantGroup section */
		C9FD26DB2452DC2200F21EB8 /* LaunchScreen.storyboard */ = {
			isa = PBXVariantGroup;
			children = (
				C9FD26DC2452DC2200F21EB8 /* Base */,
			);
			name = LaunchScreen.storyboard;
			sourceTree = "<group>";
		};
/* End PBXVariantGroup section */

/* Begin XCBuildConfiguration section */
		C9FD26F52452DC2200F21EB8 /* Debug */ = {
			isa = XCBuildConfiguration;
			buildSettings = {
				ALWAYS_SEARCH_USER_PATHS = NO;
				CLANG_ANALYZER_NONNULL = YES;
				CLANG_ANALYZER_NUMBER_OBJECT_CONVERSION = YES_AGGRESSIVE;
				CLANG_CXX_LANGUAGE_STANDARD = "gnu++14";
				CLANG_CXX_LIBRARY = "libc++";
				CLANG_ENABLE_MODULES = YES;
				CLANG_ENABLE_OBJC_ARC = YES;
				CLANG_ENABLE_OBJC_WEAK = YES;
				CLANG_WARN_BLOCK_CAPTURE_AUTORELEASING = YES;
				CLANG_WARN_BOOL_CONVERSION = YES;
				CLANG_WARN_COMMA = YES;
				CLANG_WARN_CONSTANT_CONVERSION = YES;
				CLANG_WARN_DEPRECATED_OBJC_IMPLEMENTATIONS = YES;
				CLANG_WARN_DIRECT_OBJC_ISA_USAGE = YES_ERROR;
				CLANG_WARN_DOCUMENTATION_COMMENTS = YES;
				CLANG_WARN_EMPTY_BODY = YES;
				CLANG_WARN_ENUM_CONVERSION = YES;
				CLANG_WARN_INFINITE_RECURSION = YES;
				CLANG_WARN_INT_CONVERSION = YES;
				CLANG_WARN_NON_LITERAL_NULL_CONVERSION = YES;
				CLANG_WARN_OBJC_IMPLICIT_RETAIN_SELF = YES;
				CLANG_WARN_OBJC_LITERAL_CONVERSION = YES;
				CLANG_WARN_OBJC_ROOT_CLASS = YES_ERROR;
				CLANG_WARN_RANGE_LOOP_ANALYSIS = YES;
				CLANG_WARN_STRICT_PROTOTYPES = YES;
				CLANG_WARN_SUSPICIOUS_MOVE = YES;
				CLANG_WARN_UNGUARDED_AVAILABILITY = YES_AGGRESSIVE;
				CLANG_WARN_UNREACHABLE_CODE = YES;
				CLANG_WARN__DUPLICATE_METHOD_MATCH = YES;
				COPY_PHASE_STRIP = NO;
				DEBUG_INFORMATION_FORMAT = dwarf;
				ENABLE_STRICT_OBJC_MSGSEND = YES;
				ENABLE_TESTABILITY = YES;
				GCC_C_LANGUAGE_STANDARD = gnu11;
				GCC_DYNAMIC_NO_PIC = NO;
				GCC_NO_COMMON_BLOCKS = YES;
				GCC_OPTIMIZATION_LEVEL = 0;
				GCC_PREPROCESSOR_DEFINITIONS = (
					"DEBUG=1",
					"$(inherited)",
				);
				GCC_WARN_64_TO_32_BIT_CONVERSION = YES;
				GCC_WARN_ABOUT_RETURN_TYPE = YES_ERROR;
				GCC_WARN_UNDECLARED_SELECTOR = YES;
				GCC_WARN_UNINITIALIZED_AUTOS = YES_AGGRESSIVE;
				GCC_WARN_UNUSED_FUNCTION = YES;
				GCC_WARN_UNUSED_VARIABLE = YES;
				IPHONEOS_DEPLOYMENT_TARGET = 13.4;
				MTL_ENABLE_DEBUG_INFO = INCLUDE_SOURCE;
				MTL_FAST_MATH = YES;
				ONLY_ACTIVE_ARCH = YES;
				SDKROOT = iphoneos;
				SWIFT_ACTIVE_COMPILATION_CONDITIONS = DEBUG;
				SWIFT_OPTIMIZATION_LEVEL = "-Onone";
			};
			name = Debug;
		};
		C9FD26F62452DC2200F21EB8 /* Release */ = {
			isa = XCBuildConfiguration;
			buildSettings = {
				ALWAYS_SEARCH_USER_PATHS = NO;
				CLANG_ANALYZER_NONNULL = YES;
				CLANG_ANALYZER_NUMBER_OBJECT_CONVERSION = YES_AGGRESSIVE;
				CLANG_CXX_LANGUAGE_STANDARD = "gnu++14";
				CLANG_CXX_LIBRARY = "libc++";
				CLANG_ENABLE_MODULES = YES;
				CLANG_ENABLE_OBJC_ARC = YES;
				CLANG_ENABLE_OBJC_WEAK = YES;
				CLANG_WARN_BLOCK_CAPTURE_AUTORELEASING = YES;
				CLANG_WARN_BOOL_CONVERSION = YES;
				CLANG_WARN_COMMA = YES;
				CLANG_WARN_CONSTANT_CONVERSION = YES;
				CLANG_WARN_DEPRECATED_OBJC_IMPLEMENTATIONS = YES;
				CLANG_WARN_DIRECT_OBJC_ISA_USAGE = YES_ERROR;
				CLANG_WARN_DOCUMENTATION_COMMENTS = YES;
				CLANG_WARN_EMPTY_BODY = YES;
				CLANG_WARN_ENUM_CONVERSION = YES;
				CLANG_WARN_INFINITE_RECURSION = YES;
				CLANG_WARN_INT_CONVERSION = YES;
				CLANG_WARN_NON_LITERAL_NULL_CONVERSION = YES;
				CLANG_WARN_OBJC_IMPLICIT_RETAIN_SELF = YES;
				CLANG_WARN_OBJC_LITERAL_CONVERSION = YES;
				CLANG_WARN_OBJC_ROOT_CLASS = YES_ERROR;
				CLANG_WARN_RANGE_LOOP_ANALYSIS = YES;
				CLANG_WARN_STRICT_PROTOTYPES = YES;
				CLANG_WARN_SUSPICIOUS_MOVE = YES;
				CLANG_WARN_UNGUARDED_AVAILABILITY = YES_AGGRESSIVE;
				CLANG_WARN_UNREACHABLE_CODE = YES;
				CLANG_WARN__DUPLICATE_METHOD_MATCH = YES;
				COPY_PHASE_STRIP = NO;
				DEBUG_INFORMATION_FORMAT = "dwarf-with-dsym";
				ENABLE_NS_ASSERTIONS = NO;
				ENABLE_STRICT_OBJC_MSGSEND = YES;
				GCC_C_LANGUAGE_STANDARD = gnu11;
				GCC_NO_COMMON_BLOCKS = YES;
				GCC_WARN_64_TO_32_BIT_CONVERSION = YES;
				GCC_WARN_ABOUT_RETURN_TYPE = YES_ERROR;
				GCC_WARN_UNDECLARED_SELECTOR = YES;
				GCC_WARN_UNINITIALIZED_AUTOS = YES_AGGRESSIVE;
				GCC_WARN_UNUSED_FUNCTION = YES;
				GCC_WARN_UNUSED_VARIABLE = YES;
				IPHONEOS_DEPLOYMENT_TARGET = 13.4;
				MTL_ENABLE_DEBUG_INFO = NO;
				MTL_FAST_MATH = YES;
				SDKROOT = iphoneos;
				SWIFT_COMPILATION_MODE = wholemodule;
				SWIFT_OPTIMIZATION_LEVEL = "-O";
				VALIDATE_PRODUCT = YES;
			};
			name = Release;
		};
		C9FD26F82452DC2200F21EB8 /* Debug */ = {
			isa = XCBuildConfiguration;
			buildSettings = {
				ASSETCATALOG_COMPILER_APPICON_NAME = AppIcon;
				CODE_SIGN_STYLE = Automatic;
				DEVELOPMENT_ASSET_PATHS = "\"StoryTime/Preview Content\"";
				DEVELOPMENT_TEAM = 8UGJ8D8V94;
				ENABLE_PREVIEWS = YES;
				INFOPLIST_FILE = StoryTime/Info.plist;
				IPHONEOS_DEPLOYMENT_TARGET = 13.0;
				LD_RUNPATH_SEARCH_PATHS = (
					"$(inherited)",
					"@executable_path/Frameworks",
				);
				PRODUCT_BUNDLE_IDENTIFIER = uk.co.matt.StoryTime;
				PRODUCT_NAME = "$(TARGET_NAME)";
				SWIFT_VERSION = 5.0;
				TARGETED_DEVICE_FAMILY = "1,2";
			};
			name = Debug;
		};
		C9FD26F92452DC2200F21EB8 /* Release */ = {
			isa = XCBuildConfiguration;
			buildSettings = {
				ASSETCATALOG_COMPILER_APPICON_NAME = AppIcon;
				CODE_SIGN_STYLE = Automatic;
				DEVELOPMENT_ASSET_PATHS = "\"StoryTime/Preview Content\"";
				DEVELOPMENT_TEAM = 8UGJ8D8V94;
				ENABLE_PREVIEWS = YES;
				INFOPLIST_FILE = StoryTime/Info.plist;
				IPHONEOS_DEPLOYMENT_TARGET = 13.0;
				LD_RUNPATH_SEARCH_PATHS = (
					"$(inherited)",
					"@executable_path/Frameworks",
				);
				PRODUCT_BUNDLE_IDENTIFIER = uk.co.matt.StoryTime;
				PRODUCT_NAME = "$(TARGET_NAME)";
				SWIFT_VERSION = 5.0;
				TARGETED_DEVICE_FAMILY = "1,2";
			};
			name = Release;
		};
		C9FD26FB2452DC2200F21EB8 /* Debug */ = {
			isa = XCBuildConfiguration;
			buildSettings = {
				ALWAYS_EMBED_SWIFT_STANDARD_LIBRARIES = YES;
				BUNDLE_LOADER = "$(TEST_HOST)";
				CODE_SIGN_STYLE = Automatic;
				DEVELOPMENT_TEAM = 8UGJ8D8V94;
				INFOPLIST_FILE = StoryTimeTests/Info.plist;
				IPHONEOS_DEPLOYMENT_TARGET = 13.0;
				LD_RUNPATH_SEARCH_PATHS = (
					"$(inherited)",
					"@executable_path/Frameworks",
					"@loader_path/Frameworks",
				);
				PRODUCT_BUNDLE_IDENTIFIER = uk.co.matt.StoryTimeTests;
				PRODUCT_NAME = "$(TARGET_NAME)";
				SWIFT_VERSION = 5.0;
				TARGETED_DEVICE_FAMILY = "1,2";
				TEST_HOST = "$(BUILT_PRODUCTS_DIR)/Storytime.app/Storytime";
			};
			name = Debug;
		};
		C9FD26FC2452DC2200F21EB8 /* Release */ = {
			isa = XCBuildConfiguration;
			buildSettings = {
				ALWAYS_EMBED_SWIFT_STANDARD_LIBRARIES = YES;
				BUNDLE_LOADER = "$(TEST_HOST)";
				CODE_SIGN_STYLE = Automatic;
				DEVELOPMENT_TEAM = 8UGJ8D8V94;
				INFOPLIST_FILE = StoryTimeTests/Info.plist;
				IPHONEOS_DEPLOYMENT_TARGET = 13.0;
				LD_RUNPATH_SEARCH_PATHS = (
					"$(inherited)",
					"@executable_path/Frameworks",
					"@loader_path/Frameworks",
				);
				PRODUCT_BUNDLE_IDENTIFIER = uk.co.matt.StoryTimeTests;
				PRODUCT_NAME = "$(TARGET_NAME)";
				SWIFT_VERSION = 5.0;
				TARGETED_DEVICE_FAMILY = "1,2";
				TEST_HOST = "$(BUILT_PRODUCTS_DIR)/Storytime.app/Storytime";
			};
			name = Release;
		};
		C9FD26FE2452DC2200F21EB8 /* Debug */ = {
			isa = XCBuildConfiguration;
			buildSettings = {
				ALWAYS_EMBED_SWIFT_STANDARD_LIBRARIES = YES;
				CODE_SIGN_STYLE = Automatic;
				DEVELOPMENT_TEAM = 8UGJ8D8V94;
				INFOPLIST_FILE = StoryTimeUITests/Info.plist;
				IPHONEOS_DEPLOYMENT_TARGET = 13.0;
				LD_RUNPATH_SEARCH_PATHS = (
					"$(inherited)",
					"@executable_path/Frameworks",
					"@loader_path/Frameworks",
				);
				PRODUCT_BUNDLE_IDENTIFIER = uk.co.matt.StoryTimeUITests;
				PRODUCT_NAME = "$(TARGET_NAME)";
				PROVISIONING_PROFILE = "";
				SWIFT_VERSION = 5.0;
				TARGETED_DEVICE_FAMILY = "1,2";
				TEST_TARGET_NAME = Storytime;
			};
			name = Debug;
		};
		C9FD26FF2452DC2200F21EB8 /* Release */ = {
			isa = XCBuildConfiguration;
			buildSettings = {
				ALWAYS_EMBED_SWIFT_STANDARD_LIBRARIES = YES;
				CODE_SIGN_STYLE = Automatic;
				DEVELOPMENT_TEAM = 8UGJ8D8V94;
				INFOPLIST_FILE = StoryTimeUITests/Info.plist;
				IPHONEOS_DEPLOYMENT_TARGET = 13.0;
				LD_RUNPATH_SEARCH_PATHS = (
					"$(inherited)",
					"@executable_path/Frameworks",
					"@loader_path/Frameworks",
				);
				PRODUCT_BUNDLE_IDENTIFIER = uk.co.matt.StoryTimeUITests;
				PRODUCT_NAME = "$(TARGET_NAME)";
				PROVISIONING_PROFILE = "";
				SWIFT_VERSION = 5.0;
				TARGETED_DEVICE_FAMILY = "1,2";
				TEST_TARGET_NAME = Storytime;
			};
			name = Release;
		};
/* End XCBuildConfiguration section */

/* Begin XCConfigurationList section */
		C9FD26C82452DC1D00F21EB8 /* Build configuration list for PBXProject "Storytime" */ = {
			isa = XCConfigurationList;
			buildConfigurations = (
				C9FD26F52452DC2200F21EB8 /* Debug */,
				C9FD26F62452DC2200F21EB8 /* Release */,
			);
			defaultConfigurationIsVisible = 0;
			defaultConfigurationName = Release;
		};
		C9FD26F72452DC2200F21EB8 /* Build configuration list for PBXNativeTarget "Storytime" */ = {
			isa = XCConfigurationList;
			buildConfigurations = (
				C9FD26F82452DC2200F21EB8 /* Debug */,
				C9FD26F92452DC2200F21EB8 /* Release */,
			);
			defaultConfigurationIsVisible = 0;
			defaultConfigurationName = Release;
		};
		C9FD26FA2452DC2200F21EB8 /* Build configuration list for PBXNativeTarget "StorytimeTests" */ = {
			isa = XCConfigurationList;
			buildConfigurations = (
				C9FD26FB2452DC2200F21EB8 /* Debug */,
				C9FD26FC2452DC2200F21EB8 /* Release */,
			);
			defaultConfigurationIsVisible = 0;
			defaultConfigurationName = Release;
		};
		C9FD26FD2452DC2200F21EB8 /* Build configuration list for PBXNativeTarget "StorytimeUITests" */ = {
			isa = XCConfigurationList;
			buildConfigurations = (
				C9FD26FE2452DC2200F21EB8 /* Debug */,
				C9FD26FF2452DC2200F21EB8 /* Release */,
			);
			defaultConfigurationIsVisible = 0;
			defaultConfigurationName = Release;
		};
/* End XCConfigurationList section */
	};
	rootObject = C9FD26C52452DC1D00F21EB8 /* Project object */;
}
